
Microsoft Visual Studio Solution File, Format Version 12.00
# Visual Studio 15
VisualStudioVersion = 15.0.26228.9
MinimumVisualStudioVersion = 10.0.40219.1
Project("{FAE04EC0-301F-11D3-BF4B-00C04F79EFBC}") = "Lab3-Bot-Solution", "Lab3-Bot-Solution.csproj", "{AC4B728A-4788-418A-9B69-8A697BC4478C}"
EndProject
Global
	GlobalSection(SolutionConfigurationPlatforms) = preSolution
		Debug|Any CPU = Debug|Any CPU
		Release|Any CPU = Release|Any CPU
	EndGlobalSection
	GlobalSection(ProjectConfigurationPlatforms) = postSolution
		{AC4B728A-4788-418A-9B69-8A697BC4478C}.Debug|Any CPU.ActiveCfg = Debug|Any CPU
		{AC4B728A-4788-418A-9B69-8A697BC4478C}.Debug|Any CPU.Build.0 = Debug|Any CPU
		{AC4B728A-4788-418A-9B69-8A697BC4478C}.Release|Any CPU.ActiveCfg = Release|Any CPU
		{AC4B728A-4788-418A-9B69-8A697BC4478C}.Release|Any CPU.Build.0 = Release|Any CPU
	EndGlobalSection
	GlobalSection(SolutionProperties) = preSolution
		HideSolutionNode = FALSE
	EndGlobalSection
EndGlobal
